// !$*UTF8*$!
{
	archiveVersion = 1;
	classes = {
	};
	objectVersion = 50;
	objects = {

/* Begin PBXBuildFile section */
		E3A2FD4D2628488300609A21 /* UIView + Extension.swift in Sources */ = {isa = PBXBuildFile; fileRef = E3A2FD4C2628488300609A21 /* UIView + Extension.swift */; };
		E3BDD5A4262456FB006F7478 /* AppDelegate.swift in Sources */ = {isa = PBXBuildFile; fileRef = E3BDD5A3262456FB006F7478 /* AppDelegate.swift */; };
		E3BDD5A6262456FB006F7478 /* SceneDelegate.swift in Sources */ = {isa = PBXBuildFile; fileRef = E3BDD5A5262456FB006F7478 /* SceneDelegate.swift */; };
		E3BDD5A8262456FB006F7478 /* ViewController.swift in Sources */ = {isa = PBXBuildFile; fileRef = E3BDD5A7262456FB006F7478 /* ViewController.swift */; };
		E3BDD5AB262456FB006F7478 /* Main.storyboard in Resources */ = {isa = PBXBuildFile; fileRef = E3BDD5A9262456FB006F7478 /* Main.storyboard */; };
		E3BDD5AD262456FF006F7478 /* Assets.xcassets in Resources */ = {isa = PBXBuildFile; fileRef = E3BDD5AC262456FF006F7478 /* Assets.xcassets */; };
		E3BDD5B0262456FF006F7478 /* LaunchScreen.storyboard in Resources */ = {isa = PBXBuildFile; fileRef = E3BDD5AE262456FF006F7478 /* LaunchScreen.storyboard */; };
/* End PBXBuildFile section */

/* Begin PBXFileReference section */
		E3A2FD4C2628488300609A21 /* UIView + Extension.swift */ = {isa = PBXFileReference; lastKnownFileType = sourcecode.swift; path = "UIView + Extension.swift"; sourceTree = "<group>"; };
		E3BDD5A0262456FB006F7478 /* Bin2Dec.app */ = {isa = PBXFileReference; explicitFileType = wrapper.application; includeInIndex = 0; path = Bin2Dec.app; sourceTree = BUILT_PRODUCTS_DIR; };
		E3BDD5A3262456FB006F7478 /* AppDelegate.swift */ = {isa = PBXFileReference; lastKnownFileType = sourcecode.swift; path = AppDelegate.swift; sourceTree = "<group>"; };
		E3BDD5A5262456FB006F7478 /* SceneDelegate.swift */ = {isa = PBXFileReference; lastKnownFileType = sourcecode.swift; path = SceneDelegate.swift; sourceTree = "<group>"; };
		E3BDD5A7262456FB006F7478 /* ViewController.swift */ = {isa = PBXFileReference; lastKnownFileType = sourcecode.swift; path = ViewController.swift; sourceTree = "<group>"; };
		E3BDD5AA262456FB006F7478 /* Base */ = {isa = PBXFileReference; lastKnownFileType = file.storyboard; name = Base; path = Base.lproj/Main.storyboard; sourceTree = "<group>"; };
		E3BDD5AC262456FF006F7478 /* Assets.xcassets */ = {isa = PBXFileReference; lastKnownFileType = folder.assetcatalog; path = Assets.xcassets; sourceTree = "<group>"; };
		E3BDD5AF262456FF006F7478 /* Base */ = {isa = PBXFileReference; lastKnownFileType = file.storyboard; name = Base; path = Base.lproj/LaunchScreen.storyboard; sourceTree = "<group>"; };
		E3BDD5B1262456FF006F7478 /* Info.plist */ = {isa = PBXFileReference; lastKnownFileType = text.plist.xml; path = Info.plist; sourceTree = "<group>"; };
/* End PBXFileReference section */

/* Begin PBXFrameworksBuildPhase section */
		E3BDD59D262456FB006F7478 /* Frameworks */ = {
			isa = PBXFrameworksBuildPhase;
			buildActionMask = 2147483647;
			files = (
			);
			runOnlyForDeploymentPostprocessing = 0;
		};
/* End PBXFrameworksBuildPhase section */

/* Begin PBXGroup section */
		E3A2FD4B2628483700609A21 /* View */ = {
			isa = PBXGroup;
			children = (
				E3A2FD4C2628488300609A21 /* UIView + Extension.swift */,
			);
			path = View;
			sourceTree = "<group>";
		};
		E3BDD597262456FB006F7478 = {
			isa = PBXGroup;
			children = (
				E3BDD5A2262456FB006F7478 /* Bin2Dec */,
				E3BDD5A1262456FB006F7478 /* Products */,
			);
			sourceTree = "<group>";
		};
		E3BDD5A1262456FB006F7478 /* Products */ = {
			isa = PBXGroup;
			children = (
				E3BDD5A0262456FB006F7478 /* Bin2Dec.app */,
			);
			name = Products;
			sourceTree = "<group>";
		};
		E3BDD5A2262456FB006F7478 /* Bin2Dec */ = {
			isa = PBXGroup;
			children = (
				E3A2FD4B2628483700609A21 /* View */,
				E3BDD5BA262457C5006F7478 /* ViewControllers */,
				E3BDD5B9262457A3006F7478 /* Storyboards */,
				E3BDD5BC26245807006F7478 /* Supporting */,
				E3BDD5BB262457FB006F7478 /* Resources */,
			);
			path = Bin2Dec;
			sourceTree = "<group>";
		};
		E3BDD5B9262457A3006F7478 /* Storyboards */ = {
			isa = PBXGroup;
			children = (
				E3BDD5A9262456FB006F7478 /* Main.storyboard */,
				E3BDD5AE262456FF006F7478 /* LaunchScreen.storyboard */,
			);
			path = Storyboards;
			sourceTree = "<group>";
		};
		E3BDD5BA262457C5006F7478 /* ViewControllers */ = {
			isa = PBXGroup;
			children = (
				E3BDD5A7262456FB006F7478 /* ViewController.swift */,
			);
			path = ViewControllers;
			sourceTree = "<group>";
		};
		E3BDD5BB262457FB006F7478 /* Resources */ = {
			isa = PBXGroup;
			children = (
				E3BDD5AC262456FF006F7478 /* Assets.xcassets */,
			);
			path = Resources;
			sourceTree = "<group>";
		};
		E3BDD5BC26245807006F7478 /* Supporting */ = {
			isa = PBXGroup;
			children = (
				E3BDD5A3262456FB006F7478 /* AppDelegate.swift */,
				E3BDD5A5262456FB006F7478 /* SceneDelegate.swift */,
				E3BDD5B1262456FF006F7478 /* Info.plist */,
			);
			path = Supporting;
			sourceTree = "<group>";
		};
/* End PBXGroup section */

/* Begin PBXNativeTarget section */
		E3BDD59F262456FB006F7478 /* Bin2Dec */ = {
			isa = PBXNativeTarget;
			buildConfigurationList = E3BDD5B4262456FF006F7478 /* Build configuration list for PBXNativeTarget "Bin2Dec" */;
			buildPhases = (
				E3BDD59C262456FB006F7478 /* Sources */,
				E3BDD59D262456FB006F7478 /* Frameworks */,
				E3BDD59E262456FB006F7478 /* Resources */,
			);
			buildRules = (
			);
			dependencies = (
			);
			name = Bin2Dec;
			productName = Bin2Dec;
			productReference = E3BDD5A0262456FB006F7478 /* Bin2Dec.app */;
			productType = "com.apple.product-type.application";
		};
/* End PBXNativeTarget section */

/* Begin PBXProject section */
		E3BDD598262456FB006F7478 /* Project object */ = {
			isa = PBXProject;
			attributes = {
				LastSwiftUpdateCheck = 1240;
				LastUpgradeCheck = 1240;
				TargetAttributes = {
					E3BDD59F262456FB006F7478 = {
						CreatedOnToolsVersion = 12.4;
					};
				};
			};
			buildConfigurationList = E3BDD59B262456FB006F7478 /* Build configuration list for PBXProject "Bin2Dec" */;
			compatibilityVersion = "Xcode 9.3";
			developmentRegion = en;
			hasScannedForEncodings = 0;
			knownRegions = (
				en,
				Base,
			);
			mainGroup = E3BDD597262456FB006F7478;
			productRefGroup = E3BDD5A1262456FB006F7478 /* Products */;
			projectDirPath = "";
			projectRoot = "";
			targets = (
				E3BDD59F262456FB006F7478 /* Bin2Dec */,
			);
		};
/* End PBXProject section */

/* Begin PBXResourcesBuildPhase section */
		E3BDD59E262456FB006F7478 /* Resources */ = {
			isa = PBXResourcesBuildPhase;
			buildActionMask = 2147483647;
			files = (
				E3BDD5B0262456FF006F7478 /* LaunchScreen.storyboard in Resources */,
				E3BDD5AD262456FF006F7478 /* Assets.xcassets in Resources */,
				E3BDD5AB262456FB006F7478 /* Main.storyboard in Resources */,
			);
			runOnlyForDeploymentPostprocessing = 0;
		};
/* End PBXResourcesBuildPhase section */

/* Begin PBXSourcesBuildPhase section */
		E3BDD59C262456FB006F7478 /* Sources */ = {
			isa = PBXSourcesBuildPhase;
			buildActionMask = 2147483647;
			files = (
				E3A2FD4D2628488300609A21 /* UIView + Extension.swift in Sources */,
				E3BDD5A8262456FB006F7478 /* ViewController.swift in Sources */,
				E3BDD5A4262456FB006F7478 /* AppDelegate.swift in Sources */,
				E3BDD5A6262456FB006F7478 /* SceneDelegate.swift in Sources */,
			);
			runOnlyForDeploymentPostprocessing = 0;
		};
/* End PBXSourcesBuildPhase section */

/* Begin PBXVariantGroup section */
		E3BDD5A9262456FB006F7478 /* Main.storyboard */ = {
			isa = PBXVariantGroup;
			children = (
				E3BDD5AA262456FB006F7478 /* Base */,
			);
			name = Main.storyboard;
			sourceTree = "<group>";
		};
		E3BDD5AE262456FF006F7478 /* LaunchScreen.storyboard */ = {
			isa = PBXVariantGroup;
			children = (
				E3BDD5AF262456FF006F7478 /* Base */,
			);
			name = LaunchScreen.storyboard;
			sourceTree = "<group>";
		};
/* End PBXVariantGroup section */

/* Begin XCBuildConfiguration section */
		E3BDD5B2262456FF006F7478 /* Debug */ = {
			isa = XCBuildConfiguration;
			buildSettings = {
				ALWAYS_SEARCH_USER_PATHS = NO;
				CLANG_ANALYZER_NONNULL = YES;
				CLANG_ANALYZER_NUMBER_OBJECT_CONVERSION = YES_AGGRESSIVE;
				CLANG_CXX_LANGUAGE_STANDARD = "gnu++14";
				CLANG_CXX_LIBRARY = "libc++";
				CLANG_ENABLE_MODULES = YES;
				CLANG_ENABLE_OBJC_ARC = YES;
				CLANG_ENABLE_OBJC_WEAK = YES;
				CLANG_WARN_BLOCK_CAPTURE_AUTORELEASING = YES;
				CLANG_WARN_BOOL_CONVERSION = YES;
				CLANG_WARN_COMMA = YES;
				CLANG_WARN_CONSTANT_CONVERSION = YES;
				CLANG_WARN_DEPRECATED_OBJC_IMPLEMENTATIONS = YES;
				CLANG_WARN_DIRECT_OBJC_ISA_USAGE = YES_ERROR;
				CLANG_WARN_DOCUMENTATION_COMMENTS = YES;
				CLANG_WARN_EMPTY_BODY = YES;
				CLANG_WARN_ENUM_CONVERSION = YES;
				CLANG_WARN_INFINITE_RECURSION = YES;
				CLANG_WARN_INT_CONVERSION = YES;
				CLANG_WARN_NON_LITERAL_NULL_CONVERSION = YES;
				CLANG_WARN_OBJC_IMPLICIT_RETAIN_SELF = YES;
				CLANG_WARN_OBJC_LITERAL_CONVERSION = YES;
				CLANG_WARN_OBJC_ROOT_CLASS = YES_ERROR;
				CLANG_WARN_QUOTED_INCLUDE_IN_FRAMEWORK_HEADER = YES;
				CLANG_WARN_RANGE_LOOP_ANALYSIS = YES;
				CLANG_WARN_STRICT_PROTOTYPES = YES;
				CLANG_WARN_SUSPICIOUS_MOVE = YES;
				CLANG_WARN_UNGUARDED_AVAILABILITY = YES_AGGRESSIVE;
				CLANG_WARN_UNREACHABLE_CODE = YES;
				CLANG_WARN__DUPLICATE_METHOD_MATCH = YES;
				COPY_PHASE_STRIP = NO;
				DEBUG_INFORMATION_FORMAT = dwarf;
				ENABLE_STRICT_OBJC_MSGSEND = YES;
				ENABLE_TESTABILITY = YES;
				GCC_C_LANGUAGE_STANDARD = gnu11;
				GCC_DYNAMIC_NO_PIC = NO;
				GCC_NO_COMMON_BLOCKS = YES;
				GCC_OPTIMIZATION_LEVEL = 0;
				GCC_PREPROCESSOR_DEFINITIONS = (
					"DEBUG=1",
					"$(inherited)",
				);
				GCC_WARN_64_TO_32_BIT_CONVERSION = YES;
				GCC_WARN_ABOUT_RETURN_TYPE = YES_ERROR;
				GCC_WARN_UNDECLARED_SELECTOR = YES;
				GCC_WARN_UNINITIALIZED_AUTOS = YES_AGGRESSIVE;
				GCC_WARN_UNUSED_FUNCTION = YES;
				GCC_WARN_UNUSED_VARIABLE = YES;
				IPHONEOS_DEPLOYMENT_TARGET = 14.4;
				MTL_ENABLE_DEBUG_INFO = INCLUDE_SOURCE;
				MTL_FAST_MATH = YES;
				ONLY_ACTIVE_ARCH = YES;
				SDKROOT = iphoneos;
				SWIFT_ACTIVE_COMPILATION_CONDITIONS = DEBUG;
				SWIFT_OPTIMIZATION_LEVEL = "-Onone";
			};
			name = Debug;
		};
		E3BDD5B3262456FF006F7478 /* Release */ = {
			isa = XCBuildConfiguration;
			buildSettings = {
				ALWAYS_SEARCH_USER_PATHS = NO;
				CLANG_ANALYZER_NONNULL = YES;
				CLANG_ANALYZER_NUMBER_OBJECT_CONVERSION = YES_AGGRESSIVE;
				CLANG_CXX_LANGUAGE_STANDARD = "gnu++14";
				CLANG_CXX_LIBRARY = "libc++";
				CLANG_ENABLE_MODULES = YES;
				CLANG_ENABLE_OBJC_ARC = YES;
				CLANG_ENABLE_OBJC_WEAK = YES;
				CLANG_WARN_BLOCK_CAPTURE_AUTORELEASING = YES;
				CLANG_WARN_BOOL_CONVERSION = YES;
				CLANG_WARN_COMMA = YES;
				CLANG_WARN_CONSTANT_CONVERSION = YES;
				CLANG_WARN_DEPRECATED_OBJC_IMPLEMENTATIONS = YES;
				CLANG_WARN_DIRECT_OBJC_ISA_USAGE = YES_ERROR;
				CLANG_WARN_DOCUMENTATION_COMMENTS = YES;
				CLANG_WARN_EMPTY_BODY = YES;
				CLANG_WARN_ENUM_CONVERSION = YES;
				CLANG_WARN_INFINITE_RECURSION = YES;
				CLANG_WARN_INT_CONVERSION = YES;
				CLANG_WARN_NON_LITERAL_NULL_CONVERSION = YES;
				CLANG_WARN_OBJC_IMPLICIT_RETAIN_SELF = YES;
				CLANG_WARN_OBJC_LITERAL_CONVERSION = YES;
				CLANG_WARN_OBJC_ROOT_CLASS = YES_ERROR;
				CLANG_WARN_QUOTED_INCLUDE_IN_FRAMEWORK_HEADER = YES;
				CLANG_WARN_RANGE_LOOP_ANALYSIS = YES;
				CLANG_WARN_STRICT_PROTOTYPES = YES;
				CLANG_WARN_SUSPICIOUS_MOVE = YES;
				CLANG_WARN_UNGUARDED_AVAILABILITY = YES_AGGRESSIVE;
				CLANG_WARN_UNREACHABLE_CODE = YES;
				CLANG_WARN__DUPLICATE_METHOD_MATCH = YES;
				COPY_PHASE_STRIP = NO;
				DEBUG_INFORMATION_FORMAT = "dwarf-with-dsym";
				ENABLE_NS_ASSERTIONS = NO;
				ENABLE_STRICT_OBJC_MSGSEND = YES;
				GCC_C_LANGUAGE_STANDARD = gnu11;
				GCC_NO_COMMON_BLOCKS = YES;
				GCC_WARN_64_TO_32_BIT_CONVERSION = YES;
				GCC_WARN_ABOUT_RETURN_TYPE = YES_ERROR;
				GCC_WARN_UNDECLARED_SELECTOR = YES;
				GCC_WARN_UNINITIALIZED_AUTOS = YES_AGGRESSIVE;
				GCC_WARN_UNUSED_FUNCTION = YES;
				GCC_WARN_UNUSED_VARIABLE = YES;
				IPHONEOS_DEPLOYMENT_TARGET = 14.4;
				MTL_ENABLE_DEBUG_INFO = NO;
				MTL_FAST_MATH = YES;
				SDKROOT = iphoneos;
				SWIFT_COMPILATION_MODE = wholemodule;
				SWIFT_OPTIMIZATION_LEVEL = "-O";
				VALIDATE_PRODUCT = YES;
			};
			name = Release;
		};
		E3BDD5B5262456FF006F7478 /* Debug */ = {
			isa = XCBuildConfiguration;
			buildSettings = {
				ASSETCATALOG_COMPILER_APPICON_NAME = AppIcon;
				ASSETCATALOG_COMPILER_GLOBAL_ACCENT_COLOR_NAME = AccentColor;
				CODE_SIGN_STYLE = Automatic;
				DEVELOPMENT_TEAM = 2SK72H5U39;
				INFOPLIST_FILE = Bin2Dec/Supporting/Info.plist;
				LD_RUNPATH_SEARCH_PATHS = (
					"$(inherited)",
					"@executable_path/Frameworks",
				);
				MARKETING_VERSION = 1.0.0;
				PRODUCT_BUNDLE_IDENTIFIER = com.apoluyanovich.Bin2Dec;
				PRODUCT_NAME = "$(TARGET_NAME)";
				SWIFT_VERSION = 5.0;
				TARGETED_DEVICE_FAMILY = 1;
			};
			name = Debug;
		};
		E3BDD5B6262456FF006F7478 /* Release */ = {
			isa = XCBuildConfiguration;
			buildSettings = {
				ASSETCATALOG_COMPILER_APPICON_NAME = AppIcon;
				ASSETCATALOG_COMPILER_GLOBAL_ACCENT_COLOR_NAME = AccentColor;
				CODE_SIGN_STYLE = Automatic;
				DEVELOPMENT_TEAM = 2SK72H5U39;
				INFOPLIST_FILE = Bin2Dec/Supporting/Info.plist;
				LD_RUNPATH_SEARCH_PATHS = (
					"$(inherited)",
					"@executable_path/Frameworks",
				);
				MARKETING_VERSION = 1.0.0;
				PRODUCT_BUNDLE_IDENTIFIER = com.apoluyanovich.Bin2Dec;
				PRODUCT_NAME = "$(TARGET_NAME)";
				SWIFT_VERSION = 5.0;
				TARGETED_DEVICE_FAMILY = 1;
			};
			name = Release;
		};
/* End XCBuildConfiguration section */

/* Begin XCConfigurationList section */
		E3BDD59B262456FB006F7478 /* Build configuration list for PBXProject "Bin2Dec" */ = {
			isa = XCConfigurationList;
			buildConfigurations = (
				E3BDD5B2262456FF006F7478 /* Debug */,
				E3BDD5B3262456FF006F7478 /* Release */,
			);
			defaultConfigurationIsVisible = 0;
			defaultConfigurationName = Release;
		};
		E3BDD5B4262456FF006F7478 /* Build configuration list for PBXNativeTarget "Bin2Dec" */ = {
			isa = XCConfigurationList;
			buildConfigurations = (
				E3BDD5B5262456FF006F7478 /* Debug */,
				E3BDD5B6262456FF006F7478 /* Release */,
			);
			defaultConfigurationIsVisible = 0;
			defaultConfigurationName = Release;
		};
/* End XCConfigurationList section */
	};
	rootObject = E3BDD598262456FB006F7478 /* Project object */;
}
